
Microsoft Visual Studio Solution File, Format Version 12.00
# Visual Studio Version 16
VisualStudioVersion = 16.0.31424.327
MinimumVisualStudioVersion = 10.0.40219.1
Project("{FAE04EC0-301F-11D3-BF4B-00C04F79EFBC}") = "MLNetExample", "MLNetExample\MLNetExample.csproj", "{FDB25716-1ADC-4B4B-8DF7-BE78BE87D4BC}"
EndProject
Global
	GlobalSection(SolutionConfigurationPlatforms) = preSolution
		Debug|Any CPU = Debug|Any CPU
		Debug|x64 = Debug|x64
		Release|Any CPU = Release|Any CPU
		Release|x64 = Release|x64
	EndGlobalSection
	GlobalSection(ProjectConfigurationPlatforms) = postSolution
		{FDB25716-1ADC-4B4B-8DF7-BE78BE87D4BC}.Debug|Any CPU.ActiveCfg = Debug|Any CPU
		{FDB25716-1ADC-4B4B-8DF7-BE78BE87D4BC}.Debug|Any CPU.Build.0 = Debug|Any CPU
		{FDB25716-1ADC-4B4B-8DF7-BE78BE87D4BC}.Debug|x64.ActiveCfg = Debug|x64
		{FDB25716-1ADC-4B4B-8DF7-BE78BE87D4BC}.Debug|x64.Build.0 = Debug|x64
		{FDB25716-1ADC-4B4B-8DF7-BE78BE87D4BC}.Release|Any CPU.ActiveCfg = Release|Any CPU
		{FDB25716-1ADC-4B4B-8DF7-BE78BE87D4BC}.Release|Any CPU.Build.0 = Release|Any CPU
		{FDB25716-1ADC-4B4B-8DF7-BE78BE87D4BC}.Release|x64.ActiveCfg = Release|x64
		{FDB25716-1ADC-4B4B-8DF7-BE78BE87D4BC}.Release|x64.Build.0 = Release|x64
	EndGlobalSection
	GlobalSection(SolutionProperties) = preSolution
		HideSolutionNode = FALSE
	EndGlobalSection
	GlobalSection(ExtensibilityGlobals) = postSolution
		SolutionGuid = {BE1A72E3-0A6B-4B1C-BB03-57F7E3DEF8F8}
	EndGlobalSection
EndGlobal
