
Microsoft Visual Studio Solution File, Format Version 12.00
# Visual Studio Version 16
VisualStudioVersion = 16.0.31313.79
MinimumVisualStudioVersion = 10.0.40219.1
Project("{FAE04EC0-301F-11D3-BF4B-00C04F79EFBC}") = "ImageControlExample", "ImageControlExample\ImageControlExample.csproj", "{ABB107FA-8277-4C9F-AA18-F1C0A8F5B089}"
EndProject
Global
	GlobalSection(SolutionConfigurationPlatforms) = preSolution
		Debug|Any CPU = Debug|Any CPU
		Release|Any CPU = Release|Any CPU
	EndGlobalSection
	GlobalSection(ProjectConfigurationPlatforms) = postSolution
		{ABB107FA-8277-4C9F-AA18-F1C0A8F5B089}.Debug|Any CPU.ActiveCfg = Debug|Any CPU
		{ABB107FA-8277-4C9F-AA18-F1C0A8F5B089}.Debug|Any CPU.Build.0 = Debug|Any CPU
		{ABB107FA-8277-4C9F-AA18-F1C0A8F5B089}.Release|Any CPU.ActiveCfg = Release|Any CPU
		{ABB107FA-8277-4C9F-AA18-F1C0A8F5B089}.Release|Any CPU.Build.0 = Release|Any CPU
	EndGlobalSection
	GlobalSection(SolutionProperties) = preSolution
		HideSolutionNode = FALSE
	EndGlobalSection
	GlobalSection(ExtensibilityGlobals) = postSolution
		SolutionGuid = {55B4DBB4-DA6B-471A-9C30-A90AC169A833}
	EndGlobalSection
EndGlobal
