
Microsoft Visual Studio Solution File, Format Version 12.00
# Visual Studio Version 16
VisualStudioVersion = 16.0.31424.327
MinimumVisualStudioVersion = 10.0.40219.1
Project("{FAE04EC0-301F-11D3-BF4B-00C04F79EFBC}") = "PdfHunter", "PdfHunter\PdfHunter.csproj", "{0BE5BB78-FCB7-411C-B208-25D5E9C30B33}"
EndProject
Project("{FAE04EC0-301F-11D3-BF4B-00C04F79EFBC}") = "PdfHunter.Unit.Test", "PdfHunter.Unit.Test\PdfHunter.Unit.Test.csproj", "{F20197B3-0CC1-4871-B2AB-877D237BBC5C}"
EndProject
Global
	GlobalSection(SolutionConfigurationPlatforms) = preSolution
		Debug|Any CPU = Debug|Any CPU
		Release|Any CPU = Release|Any CPU
	EndGlobalSection
	GlobalSection(ProjectConfigurationPlatforms) = postSolution
		{0BE5BB78-FCB7-411C-B208-25D5E9C30B33}.Debug|Any CPU.ActiveCfg = Debug|Any CPU
		{0BE5BB78-FCB7-411C-B208-25D5E9C30B33}.Debug|Any CPU.Build.0 = Debug|Any CPU
		{0BE5BB78-FCB7-411C-B208-25D5E9C30B33}.Release|Any CPU.ActiveCfg = Release|Any CPU
		{0BE5BB78-FCB7-411C-B208-25D5E9C30B33}.Release|Any CPU.Build.0 = Release|Any CPU
		{F20197B3-0CC1-4871-B2AB-877D237BBC5C}.Debug|Any CPU.ActiveCfg = Debug|Any CPU
		{F20197B3-0CC1-4871-B2AB-877D237BBC5C}.Debug|Any CPU.Build.0 = Debug|Any CPU
		{F20197B3-0CC1-4871-B2AB-877D237BBC5C}.Release|Any CPU.ActiveCfg = Release|Any CPU
		{F20197B3-0CC1-4871-B2AB-877D237BBC5C}.Release|Any CPU.Build.0 = Release|Any CPU
	EndGlobalSection
	GlobalSection(SolutionProperties) = preSolution
		HideSolutionNode = FALSE
	EndGlobalSection
	GlobalSection(ExtensibilityGlobals) = postSolution
		SolutionGuid = {6F628E5D-DE22-409B-A5CA-F3CE995BD4B8}
	EndGlobalSection
EndGlobal
