
Microsoft Visual Studio Solution File, Format Version 12.00
# Visual Studio Version 16
VisualStudioVersion = 16.0.30503.244
MinimumVisualStudioVersion = 10.0.40219.1
Project("{FAE04EC0-301F-11D3-BF4B-00C04F79EFBC}") = "wpf_notepad", "wpf_notepad\wpf_notepad.csproj", "{7BF4FA9F-8226-4CE1-BFC4-2377EB607185}"
EndProject
Global
	GlobalSection(SolutionConfigurationPlatforms) = preSolution
		Debug|Any CPU = Debug|Any CPU
		Release|Any CPU = Release|Any CPU
	EndGlobalSection
	GlobalSection(ProjectConfigurationPlatforms) = postSolution
		{7BF4FA9F-8226-4CE1-BFC4-2377EB607185}.Debug|Any CPU.ActiveCfg = Debug|Any CPU
		{7BF4FA9F-8226-4CE1-BFC4-2377EB607185}.Debug|Any CPU.Build.0 = Debug|Any CPU
		{7BF4FA9F-8226-4CE1-BFC4-2377EB607185}.Release|Any CPU.ActiveCfg = Release|Any CPU
		{7BF4FA9F-8226-4CE1-BFC4-2377EB607185}.Release|Any CPU.Build.0 = Release|Any CPU
	EndGlobalSection
	GlobalSection(SolutionProperties) = preSolution
		HideSolutionNode = FALSE
	EndGlobalSection
	GlobalSection(ExtensibilityGlobals) = postSolution
		SolutionGuid = {C3E866B7-CD95-4A3E-A8E3-5D0D0E51C2A8}
	EndGlobalSection
EndGlobal
