
Microsoft Visual Studio Solution File, Format Version 12.00
# Visual Studio Version 16
VisualStudioVersion = 16.0.31424.327
MinimumVisualStudioVersion = 10.0.40219.1
Project("{FAE04EC0-301F-11D3-BF4B-00C04F79EFBC}") = "SimpleWebScraper", "SimpleWebScraper\SimpleWebScraper.csproj", "{53EA3BC4-DB8E-4DA1-A60E-193410E31C7A}"
EndProject
Global
	GlobalSection(SolutionConfigurationPlatforms) = preSolution
		Debug|Any CPU = Debug|Any CPU
		Release|Any CPU = Release|Any CPU
	EndGlobalSection
	GlobalSection(ProjectConfigurationPlatforms) = postSolution
		{53EA3BC4-DB8E-4DA1-A60E-193410E31C7A}.Debug|Any CPU.ActiveCfg = Debug|Any CPU
		{53EA3BC4-DB8E-4DA1-A60E-193410E31C7A}.Debug|Any CPU.Build.0 = Debug|Any CPU
		{53EA3BC4-DB8E-4DA1-A60E-193410E31C7A}.Release|Any CPU.ActiveCfg = Release|Any CPU
		{53EA3BC4-DB8E-4DA1-A60E-193410E31C7A}.Release|Any CPU.Build.0 = Release|Any CPU
	EndGlobalSection
	GlobalSection(SolutionProperties) = preSolution
		HideSolutionNode = FALSE
	EndGlobalSection
	GlobalSection(ExtensibilityGlobals) = postSolution
		SolutionGuid = {5E84A462-EDB4-42CF-BDB7-3EAF857695E4}
	EndGlobalSection
EndGlobal
