
Microsoft Visual Studio Solution File, Format Version 12.00
# Visual Studio Version 16
VisualStudioVersion = 16.0.31321.278
MinimumVisualStudioVersion = 10.0.40219.1
Project("{FAE04EC0-301F-11D3-BF4B-00C04F79EFBC}") = "StatusBarExample", "StatusBarExample\StatusBarExample.csproj", "{50F8E736-F33B-4923-B297-EF99112AB4AF}"
EndProject
Global
	GlobalSection(SolutionConfigurationPlatforms) = preSolution
		Debug|Any CPU = Debug|Any CPU
		Release|Any CPU = Release|Any CPU
	EndGlobalSection
	GlobalSection(ProjectConfigurationPlatforms) = postSolution
		{50F8E736-F33B-4923-B297-EF99112AB4AF}.Debug|Any CPU.ActiveCfg = Debug|Any CPU
		{50F8E736-F33B-4923-B297-EF99112AB4AF}.Debug|Any CPU.Build.0 = Debug|Any CPU
		{50F8E736-F33B-4923-B297-EF99112AB4AF}.Release|Any CPU.ActiveCfg = Release|Any CPU
		{50F8E736-F33B-4923-B297-EF99112AB4AF}.Release|Any CPU.Build.0 = Release|Any CPU
	EndGlobalSection
	GlobalSection(SolutionProperties) = preSolution
		HideSolutionNode = FALSE
	EndGlobalSection
	GlobalSection(ExtensibilityGlobals) = postSolution
		SolutionGuid = {16731710-2CD7-4D36-B261-39F329AC8070}
	EndGlobalSection
EndGlobal
