
Microsoft Visual Studio Solution File, Format Version 12.00
# Visual Studio Version 16
VisualStudioVersion = 16.0.31313.79
MinimumVisualStudioVersion = 10.0.40219.1
Project("{FAE04EC0-301F-11D3-BF4B-00C04F79EFBC}") = "Label", "Label\Label.csproj", "{758565D3-467B-4FF0-B382-913A33413BA6}"
EndProject
Global
	GlobalSection(SolutionConfigurationPlatforms) = preSolution
		Debug|Any CPU = Debug|Any CPU
		Release|Any CPU = Release|Any CPU
	EndGlobalSection
	GlobalSection(ProjectConfigurationPlatforms) = postSolution
		{758565D3-467B-4FF0-B382-913A33413BA6}.Debug|Any CPU.ActiveCfg = Debug|Any CPU
		{758565D3-467B-4FF0-B382-913A33413BA6}.Debug|Any CPU.Build.0 = Debug|Any CPU
		{758565D3-467B-4FF0-B382-913A33413BA6}.Release|Any CPU.ActiveCfg = Release|Any CPU
		{758565D3-467B-4FF0-B382-913A33413BA6}.Release|Any CPU.Build.0 = Release|Any CPU
	EndGlobalSection
	GlobalSection(SolutionProperties) = preSolution
		HideSolutionNode = FALSE
	EndGlobalSection
	GlobalSection(ExtensibilityGlobals) = postSolution
		SolutionGuid = {E8DB8B9D-CE1C-4CED-9E9E-A82E73C43D26}
	EndGlobalSection
EndGlobal
