
Microsoft Visual Studio Solution File, Format Version 12.00
# Visual Studio Version 16
VisualStudioVersion = 16.0.31313.79
MinimumVisualStudioVersion = 10.0.40219.1
Project("{FAE04EC0-301F-11D3-BF4B-00C04F79EFBC}") = "OutlookWindows", "OutlookWindows\OutlookWindows.csproj", "{1EEA6C83-C930-48C6-A801-50B613E900F1}"
EndProject
Global
	GlobalSection(SolutionConfigurationPlatforms) = preSolution
		Debug|Any CPU = Debug|Any CPU
		Release|Any CPU = Release|Any CPU
	EndGlobalSection
	GlobalSection(ProjectConfigurationPlatforms) = postSolution
		{1EEA6C83-C930-48C6-A801-50B613E900F1}.Debug|Any CPU.ActiveCfg = Debug|Any CPU
		{1EEA6C83-C930-48C6-A801-50B613E900F1}.Debug|Any CPU.Build.0 = Debug|Any CPU
		{1EEA6C83-C930-48C6-A801-50B613E900F1}.Release|Any CPU.ActiveCfg = Release|Any CPU
		{1EEA6C83-C930-48C6-A801-50B613E900F1}.Release|Any CPU.Build.0 = Release|Any CPU
	EndGlobalSection
	GlobalSection(SolutionProperties) = preSolution
		HideSolutionNode = FALSE
	EndGlobalSection
	GlobalSection(ExtensibilityGlobals) = postSolution
		SolutionGuid = {D345D610-0715-4904-A78B-5F514A908682}
	EndGlobalSection
EndGlobal
