
Microsoft Visual Studio Solution File, Format Version 12.00
# Visual Studio Version 16
VisualStudioVersion = 16.0.31424.327
MinimumVisualStudioVersion = 10.0.40219.1
Project("{FAE04EC0-301F-11D3-BF4B-00C04F79EFBC}") = "WordUnscrambler", "WordUnscrambler\WordUnscrambler.csproj", "{656EBB19-2669-45BF-9425-AA41A0A21131}"
EndProject
Project("{FAE04EC0-301F-11D3-BF4B-00C04F79EFBC}") = "WordUnscrambler.Test.Unit", "WordUnscrambler.Test.Unit\WordUnscrambler.Test.Unit.csproj", "{20DADEC5-B5B1-4B20-A3C4-EF7A6E630B84}"
EndProject
Global
	GlobalSection(SolutionConfigurationPlatforms) = preSolution
		Debug|Any CPU = Debug|Any CPU
		Release|Any CPU = Release|Any CPU
	EndGlobalSection
	GlobalSection(ProjectConfigurationPlatforms) = postSolution
		{656EBB19-2669-45BF-9425-AA41A0A21131}.Debug|Any CPU.ActiveCfg = Debug|Any CPU
		{656EBB19-2669-45BF-9425-AA41A0A21131}.Debug|Any CPU.Build.0 = Debug|Any CPU
		{656EBB19-2669-45BF-9425-AA41A0A21131}.Release|Any CPU.ActiveCfg = Release|Any CPU
		{656EBB19-2669-45BF-9425-AA41A0A21131}.Release|Any CPU.Build.0 = Release|Any CPU
		{20DADEC5-B5B1-4B20-A3C4-EF7A6E630B84}.Debug|Any CPU.ActiveCfg = Debug|Any CPU
		{20DADEC5-B5B1-4B20-A3C4-EF7A6E630B84}.Debug|Any CPU.Build.0 = Debug|Any CPU
		{20DADEC5-B5B1-4B20-A3C4-EF7A6E630B84}.Release|Any CPU.ActiveCfg = Release|Any CPU
		{20DADEC5-B5B1-4B20-A3C4-EF7A6E630B84}.Release|Any CPU.Build.0 = Release|Any CPU
	EndGlobalSection
	GlobalSection(SolutionProperties) = preSolution
		HideSolutionNode = FALSE
	EndGlobalSection
	GlobalSection(ExtensibilityGlobals) = postSolution
		SolutionGuid = {1BD65ED5-E5C8-44B1-AFA8-FC507589EF3E}
	EndGlobalSection
EndGlobal
