
Microsoft Visual Studio Solution File, Format Version 12.00
# Visual Studio Version 16
VisualStudioVersion = 16.0.31321.278
MinimumVisualStudioVersion = 10.0.40219.1
Project("{FAE04EC0-301F-11D3-BF4B-00C04F79EFBC}") = "MaterialDesignSkinExample", "MaterialDesignSkinExample\MaterialDesignSkinExample.csproj", "{73CAD571-D0A9-41CA-9C07-2D6A4230A47D}"
EndProject
Global
	GlobalSection(SolutionConfigurationPlatforms) = preSolution
		Debug|Any CPU = Debug|Any CPU
		Release|Any CPU = Release|Any CPU
	EndGlobalSection
	GlobalSection(ProjectConfigurationPlatforms) = postSolution
		{73CAD571-D0A9-41CA-9C07-2D6A4230A47D}.Debug|Any CPU.ActiveCfg = Debug|Any CPU
		{73CAD571-D0A9-41CA-9C07-2D6A4230A47D}.Debug|Any CPU.Build.0 = Debug|Any CPU
		{73CAD571-D0A9-41CA-9C07-2D6A4230A47D}.Release|Any CPU.ActiveCfg = Release|Any CPU
		{73CAD571-D0A9-41CA-9C07-2D6A4230A47D}.Release|Any CPU.Build.0 = Release|Any CPU
	EndGlobalSection
	GlobalSection(SolutionProperties) = preSolution
		HideSolutionNode = FALSE
	EndGlobalSection
	GlobalSection(ExtensibilityGlobals) = postSolution
		SolutionGuid = {278FA8E6-FED7-4EAC-AC01-D7B98D1D6B66}
	EndGlobalSection
EndGlobal
