
Microsoft Visual Studio Solution File, Format Version 12.00
# Visual Studio Version 16
VisualStudioVersion = 16.0.31321.278
MinimumVisualStudioVersion = 10.0.40219.1
Project("{FAE04EC0-301F-11D3-BF4B-00C04F79EFBC}") = "WpfLayoutsExample", "WpfLayoutsExample\WpfLayoutsExample.csproj", "{54EA56CF-0D09-4195-8C3B-8F7B63CE5C2C}"
EndProject
Global
	GlobalSection(SolutionConfigurationPlatforms) = preSolution
		Debug|Any CPU = Debug|Any CPU
		Release|Any CPU = Release|Any CPU
	EndGlobalSection
	GlobalSection(ProjectConfigurationPlatforms) = postSolution
		{54EA56CF-0D09-4195-8C3B-8F7B63CE5C2C}.Debug|Any CPU.ActiveCfg = Debug|Any CPU
		{54EA56CF-0D09-4195-8C3B-8F7B63CE5C2C}.Debug|Any CPU.Build.0 = Debug|Any CPU
		{54EA56CF-0D09-4195-8C3B-8F7B63CE5C2C}.Release|Any CPU.ActiveCfg = Release|Any CPU
		{54EA56CF-0D09-4195-8C3B-8F7B63CE5C2C}.Release|Any CPU.Build.0 = Release|Any CPU
	EndGlobalSection
	GlobalSection(SolutionProperties) = preSolution
		HideSolutionNode = FALSE
	EndGlobalSection
	GlobalSection(ExtensibilityGlobals) = postSolution
		SolutionGuid = {DF3AB2C7-D8ED-4D40-89EB-7D61075A1116}
	EndGlobalSection
EndGlobal
