
Microsoft Visual Studio Solution File, Format Version 12.00
# Visual Studio Version 16
VisualStudioVersion = 16.0.30320.27
MinimumVisualStudioVersion = 10.0.40219.1
Project("{FAE04EC0-301F-11D3-BF4B-00C04F79EFBC}") = "hello_wpf", "hello_wpf\hello_wpf.csproj", "{9E357754-EA43-4266-80A5-906103ECE108}"
EndProject
Global
	GlobalSection(SolutionConfigurationPlatforms) = preSolution
		Debug|Any CPU = Debug|Any CPU
		Release|Any CPU = Release|Any CPU
	EndGlobalSection
	GlobalSection(ProjectConfigurationPlatforms) = postSolution
		{9E357754-EA43-4266-80A5-906103ECE108}.Debug|Any CPU.ActiveCfg = Debug|Any CPU
		{9E357754-EA43-4266-80A5-906103ECE108}.Debug|Any CPU.Build.0 = Debug|Any CPU
		{9E357754-EA43-4266-80A5-906103ECE108}.Release|Any CPU.ActiveCfg = Release|Any CPU
		{9E357754-EA43-4266-80A5-906103ECE108}.Release|Any CPU.Build.0 = Release|Any CPU
	EndGlobalSection
	GlobalSection(SolutionProperties) = preSolution
		HideSolutionNode = FALSE
	EndGlobalSection
	GlobalSection(ExtensibilityGlobals) = postSolution
		SolutionGuid = {47FB0B8F-4E8D-4EEB-90F8-75C86428AE20}
	EndGlobalSection
EndGlobal
