
Microsoft Visual Studio Solution File, Format Version 12.00
# Visual Studio Version 16
VisualStudioVersion = 16.0.31313.79
MinimumVisualStudioVersion = 10.0.40219.1
Project("{FAE04EC0-301F-11D3-BF4B-00C04F79EFBC}") = "CheckBoxExample", "CheckBoxExample\CheckBoxExample.csproj", "{E24F6CD6-84BC-4F20-8A9B-6B5607B81166}"
EndProject
Global
	GlobalSection(SolutionConfigurationPlatforms) = preSolution
		Debug|Any CPU = Debug|Any CPU
		Release|Any CPU = Release|Any CPU
	EndGlobalSection
	GlobalSection(ProjectConfigurationPlatforms) = postSolution
		{E24F6CD6-84BC-4F20-8A9B-6B5607B81166}.Debug|Any CPU.ActiveCfg = Debug|Any CPU
		{E24F6CD6-84BC-4F20-8A9B-6B5607B81166}.Debug|Any CPU.Build.0 = Debug|Any CPU
		{E24F6CD6-84BC-4F20-8A9B-6B5607B81166}.Release|Any CPU.ActiveCfg = Release|Any CPU
		{E24F6CD6-84BC-4F20-8A9B-6B5607B81166}.Release|Any CPU.Build.0 = Release|Any CPU
	EndGlobalSection
	GlobalSection(SolutionProperties) = preSolution
		HideSolutionNode = FALSE
	EndGlobalSection
	GlobalSection(ExtensibilityGlobals) = postSolution
		SolutionGuid = {46EF737A-B48E-4B92-87F4-43DAD71C6824}
	EndGlobalSection
EndGlobal
