
Microsoft Visual Studio Solution File, Format Version 12.00
# Visual Studio Version 16
VisualStudioVersion = 16.0.31313.79
MinimumVisualStudioVersion = 10.0.40219.1
Project("{FAE04EC0-301F-11D3-BF4B-00C04F79EFBC}") = "PasswordBoxExample", "PasswordBoxExample\PasswordBoxExample.csproj", "{7E01E5D9-1982-4438-B29B-536D762CAAFD}"
EndProject
Global
	GlobalSection(SolutionConfigurationPlatforms) = preSolution
		Debug|Any CPU = Debug|Any CPU
		Release|Any CPU = Release|Any CPU
	EndGlobalSection
	GlobalSection(ProjectConfigurationPlatforms) = postSolution
		{7E01E5D9-1982-4438-B29B-536D762CAAFD}.Debug|Any CPU.ActiveCfg = Debug|Any CPU
		{7E01E5D9-1982-4438-B29B-536D762CAAFD}.Debug|Any CPU.Build.0 = Debug|Any CPU
		{7E01E5D9-1982-4438-B29B-536D762CAAFD}.Release|Any CPU.ActiveCfg = Release|Any CPU
		{7E01E5D9-1982-4438-B29B-536D762CAAFD}.Release|Any CPU.Build.0 = Release|Any CPU
	EndGlobalSection
	GlobalSection(SolutionProperties) = preSolution
		HideSolutionNode = FALSE
	EndGlobalSection
	GlobalSection(ExtensibilityGlobals) = postSolution
		SolutionGuid = {30E7C31B-016F-4BF5-9A3F-36A35AF19165}
	EndGlobalSection
EndGlobal
