
Microsoft Visual Studio Solution File, Format Version 12.00
# Visual Studio Version 16
VisualStudioVersion = 16.0.31313.79
MinimumVisualStudioVersion = 10.0.40219.1
Project("{FAE04EC0-301F-11D3-BF4B-00C04F79EFBC}") = "tts", "tts\tts.csproj", "{82797A4E-8352-464A-9058-12AAAB82FACD}"
EndProject
Global
	GlobalSection(SolutionConfigurationPlatforms) = preSolution
		Debug|Any CPU = Debug|Any CPU
		Release|Any CPU = Release|Any CPU
	EndGlobalSection
	GlobalSection(ProjectConfigurationPlatforms) = postSolution
		{82797A4E-8352-464A-9058-12AAAB82FACD}.Debug|Any CPU.ActiveCfg = Debug|Any CPU
		{82797A4E-8352-464A-9058-12AAAB82FACD}.Debug|Any CPU.Build.0 = Debug|Any CPU
		{82797A4E-8352-464A-9058-12AAAB82FACD}.Release|Any CPU.ActiveCfg = Release|Any CPU
		{82797A4E-8352-464A-9058-12AAAB82FACD}.Release|Any CPU.Build.0 = Release|Any CPU
	EndGlobalSection
	GlobalSection(SolutionProperties) = preSolution
		HideSolutionNode = FALSE
	EndGlobalSection
	GlobalSection(ExtensibilityGlobals) = postSolution
		SolutionGuid = {7E59FA27-4EBC-4E41-84E4-0B399F2702A5}
	EndGlobalSection
EndGlobal
