
Microsoft Visual Studio Solution File, Format Version 12.00
# Visual Studio Version 16
VisualStudioVersion = 16.0.31313.79
MinimumVisualStudioVersion = 10.0.40219.1
Project("{FAE04EC0-301F-11D3-BF4B-00C04F79EFBC}") = "TextBoxExample", "TextBoxExample\TextBoxExample.csproj", "{6E020492-0F49-4DB7-9D14-73AED4694AC1}"
EndProject
Global
	GlobalSection(SolutionConfigurationPlatforms) = preSolution
		Debug|Any CPU = Debug|Any CPU
		Release|Any CPU = Release|Any CPU
	EndGlobalSection
	GlobalSection(ProjectConfigurationPlatforms) = postSolution
		{6E020492-0F49-4DB7-9D14-73AED4694AC1}.Debug|Any CPU.ActiveCfg = Debug|Any CPU
		{6E020492-0F49-4DB7-9D14-73AED4694AC1}.Debug|Any CPU.Build.0 = Debug|Any CPU
		{6E020492-0F49-4DB7-9D14-73AED4694AC1}.Release|Any CPU.ActiveCfg = Release|Any CPU
		{6E020492-0F49-4DB7-9D14-73AED4694AC1}.Release|Any CPU.Build.0 = Release|Any CPU
	EndGlobalSection
	GlobalSection(SolutionProperties) = preSolution
		HideSolutionNode = FALSE
	EndGlobalSection
	GlobalSection(ExtensibilityGlobals) = postSolution
		SolutionGuid = {AB87D82C-C0B6-458E-85D0-9658F036ED5E}
	EndGlobalSection
EndGlobal
