
Microsoft Visual Studio Solution File, Format Version 12.00
# Visual Studio Version 16
VisualStudioVersion = 16.0.31321.278
MinimumVisualStudioVersion = 10.0.40219.1
Project("{FAE04EC0-301F-11D3-BF4B-00C04F79EFBC}") = "Login-UI Replicate", "Login-UI Replicate\Login-UI Replicate.csproj", "{B52835E8-3E5F-4B45-9351-52775B8F72BE}"
EndProject
Global
	GlobalSection(SolutionConfigurationPlatforms) = preSolution
		Debug|Any CPU = Debug|Any CPU
		Release|Any CPU = Release|Any CPU
	EndGlobalSection
	GlobalSection(ProjectConfigurationPlatforms) = postSolution
		{B52835E8-3E5F-4B45-9351-52775B8F72BE}.Debug|Any CPU.ActiveCfg = Debug|Any CPU
		{B52835E8-3E5F-4B45-9351-52775B8F72BE}.Debug|Any CPU.Build.0 = Debug|Any CPU
		{B52835E8-3E5F-4B45-9351-52775B8F72BE}.Release|Any CPU.ActiveCfg = Release|Any CPU
		{B52835E8-3E5F-4B45-9351-52775B8F72BE}.Release|Any CPU.Build.0 = Release|Any CPU
	EndGlobalSection
	GlobalSection(SolutionProperties) = preSolution
		HideSolutionNode = FALSE
	EndGlobalSection
	GlobalSection(ExtensibilityGlobals) = postSolution
		SolutionGuid = {8B6AC525-5D87-4586-8B06-E05196348EFF}
	EndGlobalSection
EndGlobal
